<?xml version="1.0" encoding="utf-8"?>
<Project ToolsVersion="4.0" xmlns="http://schemas.microsoft.com/developer/msbuild/2003">
  <ItemGroup>
    <Filter Include="Archivos de origen">
      <UniqueIdentifier>{4FC737F1-C7A5-4376-A066-2A32D752A2FF}</UniqueIdentifier>
      <Extensions>cpp;c;cc;cxx;def;odl;idl;hpj;bat;asm;asmx</Extensions>
    </Filter>
    <Filter Include="Archivos de encabezado">
      <UniqueIdentifier>{93995380-89BD-4b04-88EB-625FBE52EBFB}</UniqueIdentifier>
      <Extensions>h;hh;hpp;hxx;hm;inl;inc;ipp;xsd</Extensions>
    </Filter>
    <Filter Include="Archivos de recursos">
      <UniqueIdentifier>{67DA6AB6-F800-4c08-8B7A-83BB121AAD01}</UniqueIdentifier>
      <Extensions>rc;ico;cur;bmp;dlg;rc2;rct;bin;rgs;gif;jpg;jpeg;jpe;resx;tiff;tif;png;wav;mfcribbon-ms</Extensions>
    </Filter>
    <Filter Include="Shaders">
      <UniqueIdentifier>{1bc4c5fb-d2d2-448f-89c8-a337b947cb14}</UniqueIdentifier>
    </Filter>
  </ItemGroup>
  <ItemGroup>
    <ClCompile Include="tema3_parte1.cpp">
      <Filter>Archivos de origen</Filter>
    </ClCompile>
    <ClCompile Include="tga.cpp">
      <Filter>Archivos de origen</Filter>
    </ClCompile>
    <ClCompile Include="vboteapot.cpp">
      <Filter>Archivos de origen</Filter>
    </ClCompile>
  </ItemGroup>
  <ItemGroup>
    <ClInclude Include="teapotdata.h">
      <Filter>Archivos de encabezado</Filter>
    </ClInclude>
    <ClInclude Include="tga.h">
      <Filter>Archivos de encabezado</Filter>
    </ClInclude>
    <ClInclude Include="vboteapot.h">
      <Filter>Archivos de encabezado</Filter>
    </ClInclude>
  </ItemGroup>
  <ItemGroup>
    <Image Include="texturas\t1negx.tga">
      <Filter>Archivos de recursos</Filter>
    </Image>
    <Image Include="texturas\t1negy.tga">
      <Filter>Archivos de recursos</Filter>
    </Image>
    <Image Include="texturas\t1negz.tga">
      <Filter>Archivos de recursos</Filter>
    </Image>
    <Image Include="texturas\t1posx.tga">
      <Filter>Archivos de recursos</Filter>
    </Image>
    <Image Include="texturas\t1posy.tga">
      <Filter>Archivos de recursos</Filter>
    </Image>
    <Image Include="texturas\t1posz.tga">
      <Filter>Archivos de recursos</Filter>
    </Image>
    <Image Include="texturas\t2negx.tga">
      <Filter>Archivos de recursos</Filter>
    </Image>
    <Image Include="texturas\t2negy.tga">
      <Filter>Archivos de recursos</Filter>
    </Image>
    <Image Include="texturas\t2negz.tga">
      <Filter>Archivos de recursos</Filter>
    </Image>
    <Image Include="texturas\t2posx.tga">
      <Filter>Archivos de recursos</Filter>
    </Image>
    <Image Include="texturas\t2posy.tga">
      <Filter>Archivos de recursos</Filter>
    </Image>
    <Image Include="texturas\t2posz.tga">
      <Filter>Archivos de recursos</Filter>
    </Image>
    <Image Include="texturas\t3negx.tga">
      <Filter>Archivos de recursos</Filter>
    </Image>
    <Image Include="texturas\t3negy.tga">
      <Filter>Archivos de recursos</Filter>
    </Image>
    <Image Include="texturas\t3negz.tga">
      <Filter>Archivos de recursos</Filter>
    </Image>
    <Image Include="texturas\t3posx.tga">
      <Filter>Archivos de recursos</Filter>
    </Image>
    <Image Include="texturas\t3posy.tga">
      <Filter>Archivos de recursos</Filter>
    </Image>
    <Image Include="texturas\t3posz.tga">
      <Filter>Archivos de recursos</Filter>
    </Image>
  </ItemGroup>
  <ItemGroup>
    <None Include="tema3_parte1.frag">
      <Filter>Shaders</Filter>
    </None>
    <None Include="tema3_parte1.vert">
      <Filter>Shaders</Filter>
    </None>
  </ItemGroup>
</Project>